
Microsoft Visual Studio Solution File, Format Version 12.00
# Visual Studio 15
VisualStudioVersion = 15.0.28307.572
MinimumVisualStudioVersion = 10.0.40219.1
Project("{FAE04EC0-301F-11D3-BF4B-00C04F79EFBC}") = "HaromszogekSzoftverfejleszto", "HaromszogekSzoftverfejleszto\HaromszogekSzoftverfejleszto.csproj", "{A2462F08-65E8-4738-9669-86FB58F9D963}"
EndProject
Project("{FAE04EC0-301F-11D3-BF4B-00C04F79EFBC}") = "HaromszogekGUI", "HaromszogekGUI\HaromszogekGUI.csproj", "{2174DDCA-A168-4C59-A7CE-E45C7B148B16}"
EndProject
Global
	GlobalSection(SolutionConfigurationPlatforms) = preSolution
		Debug|Any CPU = Debug|Any CPU
		Release|Any CPU = Release|Any CPU
	EndGlobalSection
	GlobalSection(ProjectConfigurationPlatforms) = postSolution
		{A2462F08-65E8-4738-9669-86FB58F9D963}.Debug|Any CPU.ActiveCfg = Debug|Any CPU
		{A2462F08-65E8-4738-9669-86FB58F9D963}.Debug|Any CPU.Build.0 = Debug|Any CPU
		{A2462F08-65E8-4738-9669-86FB58F9D963}.Release|Any CPU.ActiveCfg = Release|Any CPU
		{A2462F08-65E8-4738-9669-86FB58F9D963}.Release|Any CPU.Build.0 = Release|Any CPU
		{2174DDCA-A168-4C59-A7CE-E45C7B148B16}.Debug|Any CPU.ActiveCfg = Debug|Any CPU
		{2174DDCA-A168-4C59-A7CE-E45C7B148B16}.Debug|Any CPU.Build.0 = Debug|Any CPU
		{2174DDCA-A168-4C59-A7CE-E45C7B148B16}.Release|Any CPU.ActiveCfg = Release|Any CPU
		{2174DDCA-A168-4C59-A7CE-E45C7B148B16}.Release|Any CPU.Build.0 = Release|Any CPU
	EndGlobalSection
	GlobalSection(SolutionProperties) = preSolution
		HideSolutionNode = FALSE
	EndGlobalSection
	GlobalSection(ExtensibilityGlobals) = postSolution
		SolutionGuid = {3C44626E-BD17-463E-85B3-9E28702FB1F3}
	EndGlobalSection
EndGlobal
